
Microsoft Visual Studio Solution File, Format Version 12.00
# Visual Studio Version 17
VisualStudioVersion = 17.0.31903.59
MinimumVisualStudioVersion = 10.0.40219.1
Project("{FAE04EC0-301F-11D3-BF4B-00C04F79EFBC}") = "MiniGame", "MiniGame\MiniGame.csproj", "{1F1F3028-7288-4355-95B9-3CDFA4873BD8}"
EndProject
Project("{FAE04EC0-301F-11D3-BF4B-00C04F79EFBC}") = "ClassVsStruct", "ClassVsStruct\ClassVsStruct.csproj", "{CDE03D1A-DBDA-4516-BB3F-0CD43ADB837E}"
EndProject
Project("{FAE04EC0-301F-11D3-BF4B-00C04F79EFBC}") = "OverrideVsNew", "OverrideVsNew\OverrideVsNew.csproj", "{5990AA63-9DCA-4634-B48C-8B05464B2434}"
EndProject
Project("{FAE04EC0-301F-11D3-BF4B-00C04F79EFBC}") = "Polimorfismo", "Polimorfismo\Polimorfismo.csproj", "{08FDD32F-B8F9-4787-9C3F-4550836B6AE6}"
EndProject
Project("{FAE04EC0-301F-11D3-BF4B-00C04F79EFBC}") = "StructWithRef", "StructWithRef\StructWithRef.csproj", "{AFC10B2B-7FB6-41DC-B1CA-CDB55AB0B38A}"
EndProject
Global
	GlobalSection(SolutionConfigurationPlatforms) = preSolution
		Debug|Any CPU = Debug|Any CPU
		Release|Any CPU = Release|Any CPU
	EndGlobalSection
	GlobalSection(SolutionProperties) = preSolution
		HideSolutionNode = FALSE
	EndGlobalSection
	GlobalSection(ProjectConfigurationPlatforms) = postSolution
		{1F1F3028-7288-4355-95B9-3CDFA4873BD8}.Debug|Any CPU.ActiveCfg = Debug|Any CPU
		{1F1F3028-7288-4355-95B9-3CDFA4873BD8}.Debug|Any CPU.Build.0 = Debug|Any CPU
		{1F1F3028-7288-4355-95B9-3CDFA4873BD8}.Release|Any CPU.ActiveCfg = Release|Any CPU
		{1F1F3028-7288-4355-95B9-3CDFA4873BD8}.Release|Any CPU.Build.0 = Release|Any CPU
		{CDE03D1A-DBDA-4516-BB3F-0CD43ADB837E}.Debug|Any CPU.ActiveCfg = Debug|Any CPU
		{CDE03D1A-DBDA-4516-BB3F-0CD43ADB837E}.Debug|Any CPU.Build.0 = Debug|Any CPU
		{CDE03D1A-DBDA-4516-BB3F-0CD43ADB837E}.Release|Any CPU.ActiveCfg = Release|Any CPU
		{CDE03D1A-DBDA-4516-BB3F-0CD43ADB837E}.Release|Any CPU.Build.0 = Release|Any CPU
		{5990AA63-9DCA-4634-B48C-8B05464B2434}.Debug|Any CPU.ActiveCfg = Debug|Any CPU
		{5990AA63-9DCA-4634-B48C-8B05464B2434}.Debug|Any CPU.Build.0 = Debug|Any CPU
		{5990AA63-9DCA-4634-B48C-8B05464B2434}.Release|Any CPU.ActiveCfg = Release|Any CPU
		{5990AA63-9DCA-4634-B48C-8B05464B2434}.Release|Any CPU.Build.0 = Release|Any CPU
		{08FDD32F-B8F9-4787-9C3F-4550836B6AE6}.Debug|Any CPU.ActiveCfg = Debug|Any CPU
		{08FDD32F-B8F9-4787-9C3F-4550836B6AE6}.Debug|Any CPU.Build.0 = Debug|Any CPU
		{08FDD32F-B8F9-4787-9C3F-4550836B6AE6}.Release|Any CPU.ActiveCfg = Release|Any CPU
		{08FDD32F-B8F9-4787-9C3F-4550836B6AE6}.Release|Any CPU.Build.0 = Release|Any CPU
		{AFC10B2B-7FB6-41DC-B1CA-CDB55AB0B38A}.Debug|Any CPU.ActiveCfg = Debug|Any CPU
		{AFC10B2B-7FB6-41DC-B1CA-CDB55AB0B38A}.Debug|Any CPU.Build.0 = Debug|Any CPU
		{AFC10B2B-7FB6-41DC-B1CA-CDB55AB0B38A}.Release|Any CPU.ActiveCfg = Release|Any CPU
		{AFC10B2B-7FB6-41DC-B1CA-CDB55AB0B38A}.Release|Any CPU.Build.0 = Release|Any CPU
	EndGlobalSection
EndGlobal
